
Microsoft Visual Studio Solution File, Format Version 12.00
# Visual Studio 2012
Project("{FAE04EC0-301F-11D3-BF4B-00C04F79EFBC}") = "WindowsFormsApplication1", "WindowsFormsApplication1\WindowsFormsApplication1.csproj", "{C78E303A-7FAC-40BD-A579-F0A4E1220168}"
EndProject
Global
	GlobalSection(SolutionConfigurationPlatforms) = preSolution
		Debug|Any CPU = Debug|Any CPU
		Release|Any CPU = Release|Any CPU
	EndGlobalSection
	GlobalSection(ProjectConfigurationPlatforms) = postSolution
		{C78E303A-7FAC-40BD-A579-F0A4E1220168}.Debug|Any CPU.ActiveCfg = Debug|Any CPU
		{C78E303A-7FAC-40BD-A579-F0A4E1220168}.Debug|Any CPU.Build.0 = Debug|Any CPU
		{C78E303A-7FAC-40BD-A579-F0A4E1220168}.Release|Any CPU.ActiveCfg = Release|Any CPU
		{C78E303A-7FAC-40BD-A579-F0A4E1220168}.Release|Any CPU.Build.0 = Release|Any CPU
	EndGlobalSection
	GlobalSection(SolutionProperties) = preSolution
		HideSolutionNode = FALSE
	EndGlobalSection
EndGlobal
